
Microsoft Visual Studio Solution File, Format Version 12.00
# Visual Studio 15
VisualStudioVersion = 15.0.28307.106
MinimumVisualStudioVersion = 10.0.40219.1
Project("{FAE04EC0-301F-11D3-BF4B-00C04F79EFBC}") = "WeChat-Token", "WeChat-Token\WeChat-Token.csproj", "{B952BA64-1880-4897-9B65-0185C393FB75}"
EndProject
Global
	GlobalSection(SolutionConfigurationPlatforms) = preSolution
		Debug|Any CPU = Debug|Any CPU
		Release|Any CPU = Release|Any CPU
	EndGlobalSection
	GlobalSection(ProjectConfigurationPlatforms) = postSolution
		{B952BA64-1880-4897-9B65-0185C393FB75}.Debug|Any CPU.ActiveCfg = Debug|Any CPU
		{B952BA64-1880-4897-9B65-0185C393FB75}.Debug|Any CPU.Build.0 = Debug|Any CPU
		{B952BA64-1880-4897-9B65-0185C393FB75}.Release|Any CPU.ActiveCfg = Release|Any CPU
		{B952BA64-1880-4897-9B65-0185C393FB75}.Release|Any CPU.Build.0 = Release|Any CPU
	EndGlobalSection
	GlobalSection(SolutionProperties) = preSolution
		HideSolutionNode = FALSE
	EndGlobalSection
	GlobalSection(ExtensibilityGlobals) = postSolution
		SolutionGuid = {FB815AFE-BDBC-4A1D-87CB-89D6C2A1FB7C}
	EndGlobalSection
EndGlobal
